<Solution>
  <Project Path="../../../../Logica de programacao e algoritmos/AUla-04/Circuferencia2/Circuferencia2.csproj" />
  <Project Path="../../../../Logica de programacao e algoritmos/AUla-04/Circunferencia03/Circunferencia03.csproj" />
  <Project Path="../../../../Logica de programacao e algoritmos/AUla-04/Conversordemoedas/Conversordemoedas.csproj" />
  <Project Path="circuferencia01/circuferencia01.csproj" />
</Solution>
